{
  "nodes": {
    "agenix": {
      "inputs": {
        "darwin": "darwin",
        "home-manager": [
          "home-manager"
        ],
        "nixpkgs": [
          "nixpkgs"
        ],
        "systems": [
          "systems"
        ]
      },
      "locked": {
        "lastModified": 1770165109,
        "narHash": "sha256-9VnK6Oqai65puVJ4WYtCTvlJeXxMzAp/69HhQuTdl/I=",
        "owner": "ryantm",
        "repo": "agenix",
        "rev": "b027ee29d959fda4b60b57566d64c98a202e0feb",
        "type": "github"
      },
      "original": {
        "owner": "ryantm",
        "repo": "agenix",
        "type": "github"
      }
    },
    "anvim": {
      "inputs": {
        "nixpkgs": [
          "nixpkgs"
        ],
        "weave": "weave"
      },
      "locked": {
        "lastModified": 1784662860,
        "narHash": "sha256-9ykY+l0Vd+mW2qaVspRFnXH9FeqAx2lolRJFvs5DGGc=",
        "ref": "refs/heads/main",
        "rev": "5447e56e7b26d2af34ec908c041b7007abefa8c8",
        "revCount": 96,
        "type": "git",
        "url": "https://git.koi.rip/koi/anvim"
      },
      "original": {
        "type": "git",
        "url": "https://git.koi.rip/koi/anvim"
      }
    },
    "cuteff": {
      "inputs": {
        "nixpkgs": [
          "nixpkgs"
        ]
      },
      "locked": {
        "lastModified": 1768947991,
        "narHash": "sha256-Eg/0qQccLKXaFHhKCd8gJ/ZdxCSNcWhj31SAdl76bL8=",
        "ref": "refs/heads/main",
        "rev": "11a4d1eada9f983f44f2ca7ee37a22da72a3a7e4",
        "revCount": 13,
        "type": "git",
        "url": "https://git.koi.rip/koi/cuteff"
      },
      "original": {
        "type": "git",
        "url": "https://git.koi.rip/koi/cuteff"
      }
    },
    "darwin": {
      "inputs": {
        "nixpkgs": [
          "agenix",
          "nixpkgs"
        ]
      },
      "locked": {
        "lastModified": 1744478979,
        "narHash": "sha256-dyN+teG9G82G+m+PX/aSAagkC+vUv0SgUw3XkPhQodQ=",
        "owner": "lnl7",
        "repo": "nix-darwin",
        "rev": "43975d782b418ebf4969e9ccba82466728c2851b",
        "type": "github"
      },
      "original": {
        "owner": "lnl7",
        "ref": "master",
        "repo": "nix-darwin",
        "type": "github"
      }
    },
    "evergarden": {
      "inputs": {
        "nixpkgs": [
          "nixpkgs"
        ]
      },
      "locked": {
        "lastModified": 1784301402,
        "narHash": "sha256-TJCKzZguxOAAKxBS7LnD9P8x7XDPnTLGDeMNL460hEI=",
        "ref": "refs/heads/main",
        "rev": "8530473132da0570bab680e9e7bb359d5c02bc7c",
        "revCount": 90,
        "type": "git",
        "url": "https://codeberg.org/evergarden/nix"
      },
      "original": {
        "type": "git",
        "url": "https://codeberg.org/evergarden/nix"
      }
    },
    "home-manager": {
      "inputs": {
        "nixpkgs": [
          "nixpkgs"
        ]
      },
      "locked": {
        "lastModified": 1785496534,
        "narHash": "sha256-EASdusMYLuPhOCrE3LmsAGOvGhX3vnKBLxFvj9lI8tU=",
        "owner": "nix-community",
        "repo": "home-manager",
        "rev": "e8827fbbb12015a8dd9f66285aec79d655bcb9f6",
        "type": "github"
      },
      "original": {
        "owner": "nix-community",
        "repo": "home-manager",
        "type": "github"
      }
    },
    "meowtd": {
      "inputs": {
        "nixpkgs": [
          "nixpkgs"
        ]
      },
      "locked": {
        "lastModified": 1783196314,
        "narHash": "sha256-WgIFLhysKZJyJwn6fPvfSpbbLqFcZ4sSV1eAS80aVMQ=",
        "ref": "refs/heads/main",
        "rev": "ee0cd3d4479df956caa7d9f1b3fa64bebb8e1943",
        "revCount": 44,
        "type": "git",
        "url": "https://git.koi.rip/koi/meowtd.git"
      },
      "original": {
        "type": "git",
        "url": "https://git.koi.rip/koi/meowtd.git"
      }
    },
    "niri": {
      "inputs": {
        "niri-stable": "niri-stable",
        "niri-unstable": "niri-unstable",
        "nixpkgs": [
          "nixpkgs"
        ],
        "nixpkgs-stable": [
          "nixpkgs"
        ],
        "xwayland-satellite-stable": "xwayland-satellite-stable",
        "xwayland-satellite-unstable": "xwayland-satellite-unstable"
      },
      "locked": {
        "lastModified": 1785494453,
        "narHash": "sha256-nK6DCmFpPgaHweU2Y8BMxutfTihwXJ2XkxaoMZPBpMQ=",
        "owner": "sodiboo",
        "repo": "niri-flake",
        "rev": "68414146fbe13d8fce7748cf2f4e9e46e4834e2e",
        "type": "github"
      },
      "original": {
        "owner": "sodiboo",
        "repo": "niri-flake",
        "type": "github"
      }
    },
    "niri-stable": {
      "flake": false,
      "locked": {
        "lastModified": 1756556321,
        "narHash": "sha256-RLD89dfjN0RVO86C/Mot0T7aduCygPGaYbog566F0Qo=",
        "owner": "YaLTeR",
        "repo": "niri",
        "rev": "01be0e65f4eb91a9cd624ac0b76aaeab765c7294",
        "type": "github"
      },
      "original": {
        "owner": "YaLTeR",
        "ref": "v25.08",
        "repo": "niri",
        "type": "github"
      }
    },
    "niri-unstable": {
      "flake": false,
      "locked": {
        "lastModified": 1784570726,
        "narHash": "sha256-9EMn69JBcFWFgUM7f0VBAX+jBby5b9H3M59U75+5yI4=",
        "owner": "YaLTeR",
        "repo": "niri",
        "rev": "7f26c3ee804fb6ed458ef7fb0e3c794f14e0b3bc",
        "type": "github"
      },
      "original": {
        "owner": "YaLTeR",
        "repo": "niri",
        "type": "github"
      }
    },
    "nixpkgs": {
      "locked": {
        "lastModified": 1785454630,
        "narHash": "sha256-Lr/ImHlbXabw7KPWfXWY4kkiiHb24PkmBZVVIm28V/c=",
        "rev": "1559d3daa3ecc813a650b79375ea61b6741b8746",
        "type": "tarball",
        "url": "https://releases.nixos.org/nixos/unstable/nixos-26.11pre1044798.1559d3daa3ec/nixexprs.tar.xz"
      },
      "original": {
        "id": "nixpkgs",
        "ref": "nixos-unstable",
        "type": "indirect"
      }
    },
    "root": {
      "inputs": {
        "agenix": "agenix",
        "anvim": "anvim",
        "cuteff": "cuteff",
        "evergarden": "evergarden",
        "home-manager": "home-manager",
        "meowtd": "meowtd",
        "niri": "niri",
        "nixpkgs": "nixpkgs",
        "spicetify": "spicetify",
        "systems": "systems",
        "washing-machien": "washing-machien",
        "zen-browser": "zen-browser"
      }
    },
    "spicetify": {
      "inputs": {
        "nixpkgs": [
          "nixpkgs"
        ],
        "systems": [
          "systems"
        ]
      },
      "locked": {
        "lastModified": 1785048222,
        "narHash": "sha256-LjFVfwxensz76SjnvofF1Jsw+xTLd8Qp31W0J6nh2XI=",
        "owner": "Gerg-L",
        "repo": "spicetify-nix",
        "rev": "17e524f330c282d31c32dfe076222d4a12277886",
        "type": "github"
      },
      "original": {
        "owner": "Gerg-L",
        "repo": "spicetify-nix",
        "type": "github"
      }
    },
    "systems": {
      "locked": {
        "lastModified": 1681028828,
        "narHash": "sha256-Vy1rq5AaRuLzOxct8nz4T6wlgyUR7zLU309k9mBC768=",
        "owner": "nix-systems",
        "repo": "default",
        "rev": "da67096a3b9bf56a91d16901293e51ba5b49a27e",
        "type": "github"
      },
      "original": {
        "owner": "nix-systems",
        "repo": "default",
        "type": "github"
      }
    },
    "washing-machien": {
      "inputs": {
        "nixpkgs": [
          "nixpkgs"
        ]
      },
      "locked": {
        "lastModified": 1782904463,
        "narHash": "sha256-5mUrtQCltJ3eJ92zfZQdON5DHbs56mpg5XRgjaN4Ti8=",
        "ref": "refs/heads/main",
        "rev": "53f8f196314cdb1ada6666139573e59f8540be95",
        "revCount": 32,
        "type": "git",
        "url": "https://tangled.org/did:plc:nz5npphohxgjo2blfipdatam/washing-machien"
      },
      "original": {
        "type": "git",
        "url": "https://tangled.org/did:plc:nz5npphohxgjo2blfipdatam/washing-machien"
      }
    },
    "weave": {
      "inputs": {
        "nixpkgs": [
          "anvim",
          "nixpkgs"
        ]
      },
      "locked": {
        "lastModified": 1783685714,
        "narHash": "sha256-9Y2qDe84xgob4eowplum0kWNlJM8n+SFzsU+E3SGIHQ=",
        "ref": "refs/heads/main",
        "rev": "a86f32ae53a625e03f9f8a4e96e64e5c3c0dd005",
        "revCount": 22,
        "type": "git",
        "url": "https://codeberg.org/comfysage/weave.git"
      },
      "original": {
        "type": "git",
        "url": "https://codeberg.org/comfysage/weave.git"
      }
    },
    "xwayland-satellite-stable": {
      "flake": false,
      "locked": {
        "lastModified": 1755491097,
        "narHash": "sha256-m+9tUfsmBeF2Gn4HWa6vSITZ4Gz1eA1F5Kh62B0N4oE=",
        "owner": "Supreeeme",
        "repo": "xwayland-satellite",
        "rev": "388d291e82ffbc73be18169d39470f340707edaa",
        "type": "github"
      },
      "original": {
        "owner": "Supreeeme",
        "ref": "v0.7",
        "repo": "xwayland-satellite",
        "type": "github"
      }
    },
    "xwayland-satellite-unstable": {
      "flake": false,
      "locked": {
        "lastModified": 1784679892,
        "narHash": "sha256-Mb7jpqnrcYCfNSItIkkHpuR3YxWFxPuIBfcwNKlRBkk=",
        "owner": "Supreeeme",
        "repo": "xwayland-satellite",
        "rev": "8d135d3b2854b30fd01ea6cd6c27e523dd50a839",
        "type": "github"
      },
      "original": {
        "owner": "Supreeeme",
        "repo": "xwayland-satellite",
        "type": "github"
      }
    },
    "zen-browser": {
      "inputs": {
        "home-manager": [
          "home-manager"
        ],
        "nixpkgs": [
          "nixpkgs"
        ]
      },
      "locked": {
        "lastModified": 1785432635,
        "narHash": "sha256-LSb65DJoBk8ZDrg0xCfrOb3NnfsMLTC0kEAVpvlTG+Y=",
        "owner": "0xc000022070",
        "repo": "zen-browser-flake",
        "rev": "aaf2c248c3a75dfd99ea96261675545a308a5b64",
        "type": "github"
      },
      "original": {
        "owner": "0xc000022070",
        "ref": "beta",
        "repo": "zen-browser-flake",
        "type": "github"
      }
    }
  },
  "root": "root",
  "version": 7
}
